
Microsoft Visual Studio Solution File, Format Version 12.00
# Visual Studio Version 16
VisualStudioVersion = 16.0.29201.188
MinimumVisualStudioVersion = 10.0.40219.1
Project("{FAE04EC0-301F-11D3-BF4B-00C04F79EFBC}") = "CoProcessApplication", "CoProcessApplication.csproj", "{4BF51167-52D8-4E62-AF47-EE0A1AB4D6DE}"
EndProject
Global
	GlobalSection(SolutionConfigurationPlatforms) = preSolution
		Debug|Any CPU = Debug|Any CPU
		Release|Any CPU = Release|Any CPU
	EndGlobalSection
	GlobalSection(ProjectConfigurationPlatforms) = postSolution
		{4BF51167-52D8-4E62-AF47-EE0A1AB4D6DE}.Debug|Any CPU.ActiveCfg = Debug|Any CPU
		{4BF51167-52D8-4E62-AF47-EE0A1AB4D6DE}.Debug|Any CPU.Build.0 = Debug|Any CPU
		{4BF51167-52D8-4E62-AF47-EE0A1AB4D6DE}.Release|Any CPU.ActiveCfg = Release|Any CPU
		{4BF51167-52D8-4E62-AF47-EE0A1AB4D6DE}.Release|Any CPU.Build.0 = Release|Any CPU
	EndGlobalSection
	GlobalSection(SolutionProperties) = preSolution
		HideSolutionNode = FALSE
	EndGlobalSection
	GlobalSection(ExtensibilityGlobals) = postSolution
		SolutionGuid = {857E3D0C-CB9D-43F1-A706-DDEA967D371C}
	EndGlobalSection
EndGlobal
